
Microsoft Visual Studio Solution File, Format Version 12.00
# Visual Studio Version 17
VisualStudioVersion = 17.14.36518.9 d17.14
MinimumVisualStudioVersion = 10.0.40219.1
Project("{FAE04EC0-301F-11D3-BF4B-00C04F79EFBC}") = "Pass_Man", "Pass_Man\Pass_Man.csproj", "{5F84FA55-91DD-4E0B-8431-B4126672244D}"
EndProject
Global
	GlobalSection(SolutionConfigurationPlatforms) = preSolution
		Debug|Any CPU = Debug|Any CPU
		Release|Any CPU = Release|Any CPU
	EndGlobalSection
	GlobalSection(ProjectConfigurationPlatforms) = postSolution
		{5F84FA55-91DD-4E0B-8431-B4126672244D}.Debug|Any CPU.ActiveCfg = Debug|Any CPU
		{5F84FA55-91DD-4E0B-8431-B4126672244D}.Debug|Any CPU.Build.0 = Debug|Any CPU
		{5F84FA55-91DD-4E0B-8431-B4126672244D}.Release|Any CPU.ActiveCfg = Release|Any CPU
		{5F84FA55-91DD-4E0B-8431-B4126672244D}.Release|Any CPU.Build.0 = Release|Any CPU
	EndGlobalSection
	GlobalSection(SolutionProperties) = preSolution
		HideSolutionNode = FALSE
	EndGlobalSection
	GlobalSection(ExtensibilityGlobals) = postSolution
		SolutionGuid = {EE8EB4A6-B0E2-414F-964F-B64FCFA7AC99}
	EndGlobalSection
EndGlobal
